
Microsoft Visual Studio Solution File, Format Version 12.00
# Visual Studio Version 17
VisualStudioVersion = 17.7.34202.233
MinimumVisualStudioVersion = 10.0.40219.1
Project("{FAE04EC0-301F-11D3-BF4B-00C04F79EFBC}") = "MojeDzwieki", "MojeDzwieki\MojeDzwieki.csproj", "{8D4E5094-72FB-47EC-A5E6-AC426C0A6A17}"
EndProject
Global
	GlobalSection(SolutionConfigurationPlatforms) = preSolution
		Debug|Any CPU = Debug|Any CPU
		Release|Any CPU = Release|Any CPU
	EndGlobalSection
	GlobalSection(ProjectConfigurationPlatforms) = postSolution
		{8D4E5094-72FB-47EC-A5E6-AC426C0A6A17}.Debug|Any CPU.ActiveCfg = Debug|Any CPU
		{8D4E5094-72FB-47EC-A5E6-AC426C0A6A17}.Debug|Any CPU.Build.0 = Debug|Any CPU
		{8D4E5094-72FB-47EC-A5E6-AC426C0A6A17}.Release|Any CPU.ActiveCfg = Release|Any CPU
		{8D4E5094-72FB-47EC-A5E6-AC426C0A6A17}.Release|Any CPU.Build.0 = Release|Any CPU
	EndGlobalSection
	GlobalSection(SolutionProperties) = preSolution
		HideSolutionNode = FALSE
	EndGlobalSection
	GlobalSection(ExtensibilityGlobals) = postSolution
		SolutionGuid = {B68E9569-EA94-43BD-9B14-FF224A7930E1}
	EndGlobalSection
EndGlobal
